
Microsoft Visual Studio Solution File, Format Version 12.00
# Visual Studio Version 17
VisualStudioVersion = 17.0.31903.59
MinimumVisualStudioVersion = 10.0.40219.1
Project("{2150E333-8FDC-42A3-9474-1A3956D46DE8}") = "src", "src", "{260B923E-12E6-4929-82DE-217D807637AF}"
EndProject
Project("{FAE04EC0-301F-11D3-BF4B-00C04F79EFBC}") = "MusicApi", "src\MusicApi\MusicApi.csproj", "{4022D02B-E0D2-46B0-9EFB-4CA1A9BE1465}"
EndProject
Project("{FAE04EC0-301F-11D3-BF4B-00C04F79EFBC}") = "ControllerMusicApi", "src\ControllerMusicApi\ControllerMusicApi.csproj", "{B649050E-1FD8-4E17-ACF9-61AB00195E4D}"
EndProject
Project("{2150E333-8FDC-42A3-9474-1A3956D46DE8}") = "test", "test", "{AEE48995-D942-4981-A1C5-74854590E21D}"
EndProject
Project("{FAE04EC0-301F-11D3-BF4B-00C04F79EFBC}") = "LoadTests", "test\LoadTests\LoadTests.csproj", "{831C7BEA-D36D-465D-920D-B1C26EBD8947}"
EndProject
Project("{FAE04EC0-301F-11D3-BF4B-00C04F79EFBC}") = "MusicApi.AppHost", "src\MusicApi.AppHost\MusicApi.AppHost.csproj", "{2F91C0EB-F035-499D-94A9-43D51DD3E9C5}"
EndProject
Project("{FAE04EC0-301F-11D3-BF4B-00C04F79EFBC}") = "MusicApi.ServiceDefaults", "src\MusicApi.ServiceDefaults\MusicApi.ServiceDefaults.csproj", "{B97F549A-8771-45BF-A0B3-E35818E17D7C}"
EndProject
Global
	GlobalSection(SolutionConfigurationPlatforms) = preSolution
		Debug|Any CPU = Debug|Any CPU
		Release|Any CPU = Release|Any CPU
	EndGlobalSection
	GlobalSection(SolutionProperties) = preSolution
		HideSolutionNode = FALSE
	EndGlobalSection
	GlobalSection(ProjectConfigurationPlatforms) = postSolution
		{4022D02B-E0D2-46B0-9EFB-4CA1A9BE1465}.Debug|Any CPU.ActiveCfg = Debug|Any CPU
		{4022D02B-E0D2-46B0-9EFB-4CA1A9BE1465}.Debug|Any CPU.Build.0 = Debug|Any CPU
		{4022D02B-E0D2-46B0-9EFB-4CA1A9BE1465}.Release|Any CPU.ActiveCfg = Release|Any CPU
		{4022D02B-E0D2-46B0-9EFB-4CA1A9BE1465}.Release|Any CPU.Build.0 = Release|Any CPU
		{B649050E-1FD8-4E17-ACF9-61AB00195E4D}.Debug|Any CPU.ActiveCfg = Debug|Any CPU
		{B649050E-1FD8-4E17-ACF9-61AB00195E4D}.Debug|Any CPU.Build.0 = Debug|Any CPU
		{B649050E-1FD8-4E17-ACF9-61AB00195E4D}.Release|Any CPU.ActiveCfg = Release|Any CPU
		{B649050E-1FD8-4E17-ACF9-61AB00195E4D}.Release|Any CPU.Build.0 = Release|Any CPU
		{831C7BEA-D36D-465D-920D-B1C26EBD8947}.Debug|Any CPU.ActiveCfg = Debug|Any CPU
		{831C7BEA-D36D-465D-920D-B1C26EBD8947}.Debug|Any CPU.Build.0 = Debug|Any CPU
		{831C7BEA-D36D-465D-920D-B1C26EBD8947}.Release|Any CPU.ActiveCfg = Release|Any CPU
		{831C7BEA-D36D-465D-920D-B1C26EBD8947}.Release|Any CPU.Build.0 = Release|Any CPU
		{2F91C0EB-F035-499D-94A9-43D51DD3E9C5}.Debug|Any CPU.ActiveCfg = Debug|Any CPU
		{2F91C0EB-F035-499D-94A9-43D51DD3E9C5}.Debug|Any CPU.Build.0 = Debug|Any CPU
		{2F91C0EB-F035-499D-94A9-43D51DD3E9C5}.Release|Any CPU.ActiveCfg = Release|Any CPU
		{2F91C0EB-F035-499D-94A9-43D51DD3E9C5}.Release|Any CPU.Build.0 = Release|Any CPU
		{B97F549A-8771-45BF-A0B3-E35818E17D7C}.Debug|Any CPU.ActiveCfg = Debug|Any CPU
		{B97F549A-8771-45BF-A0B3-E35818E17D7C}.Debug|Any CPU.Build.0 = Debug|Any CPU
		{B97F549A-8771-45BF-A0B3-E35818E17D7C}.Release|Any CPU.ActiveCfg = Release|Any CPU
		{B97F549A-8771-45BF-A0B3-E35818E17D7C}.Release|Any CPU.Build.0 = Release|Any CPU
	EndGlobalSection
	GlobalSection(NestedProjects) = preSolution
		{4022D02B-E0D2-46B0-9EFB-4CA1A9BE1465} = {260B923E-12E6-4929-82DE-217D807637AF}
		{B649050E-1FD8-4E17-ACF9-61AB00195E4D} = {260B923E-12E6-4929-82DE-217D807637AF}
		{831C7BEA-D36D-465D-920D-B1C26EBD8947} = {AEE48995-D942-4981-A1C5-74854590E21D}
		{2F91C0EB-F035-499D-94A9-43D51DD3E9C5} = {260B923E-12E6-4929-82DE-217D807637AF}
		{B97F549A-8771-45BF-A0B3-E35818E17D7C} = {260B923E-12E6-4929-82DE-217D807637AF}
	EndGlobalSection
EndGlobal
